
Microsoft Visual Studio Solution File, Format Version 12.00
# Visual Studio Version 17
VisualStudioVersion = 17.13.35806.99 d17.13
MinimumVisualStudioVersion = 10.0.40219.1
Project("{FAE04EC0-301F-11D3-BF4B-00C04F79EFBC}") = "MyFirstApp", "MyFirstApp\MyFirstApp.csproj", "{8C0AEF34-F9DA-42F2-ACFF-F46AA1313B51}"
EndProject
Global
	GlobalSection(SolutionConfigurationPlatforms) = preSolution
		Debug|Any CPU = Debug|Any CPU
		Release|Any CPU = Release|Any CPU
	EndGlobalSection
	GlobalSection(ProjectConfigurationPlatforms) = postSolution
		{8C0AEF34-F9DA-42F2-ACFF-F46AA1313B51}.Debug|Any CPU.ActiveCfg = Debug|Any CPU
		{8C0AEF34-F9DA-42F2-ACFF-F46AA1313B51}.Debug|Any CPU.Build.0 = Debug|Any CPU
		{8C0AEF34-F9DA-42F2-ACFF-F46AA1313B51}.Release|Any CPU.ActiveCfg = Release|Any CPU
		{8C0AEF34-F9DA-42F2-ACFF-F46AA1313B51}.Release|Any CPU.Build.0 = Release|Any CPU
	EndGlobalSection
	GlobalSection(SolutionProperties) = preSolution
		HideSolutionNode = FALSE
	EndGlobalSection
	GlobalSection(ExtensibilityGlobals) = postSolution
		SolutionGuid = {DC83B22E-4E52-4D3A-820E-86A61FF24333}
	EndGlobalSection
EndGlobal
